
Microsoft Visual Studio Solution File, Format Version 12.00
# Visual Studio 15
VisualStudioVersion = 15.0.26124.0
MinimumVisualStudioVersion = 15.0.26124.0
Project("{9A19103F-16F7-4668-BE54-9A1E7A4F7556}") = "R5T.Stockholm.Tiros.Standard.Construction", "R5T.Stockholm.Tiros.Standard.Construction\R5T.Stockholm.Tiros.Standard.Construction.csproj", "{21BF36E9-55A0-4D75-891E-2DFBA82C8A94}"
EndProject
Project("{9A19103F-16F7-4668-BE54-9A1E7A4F7556}") = "R5T.Stockholm.Tiros.Standard", "R5T.Stockholm.Tiros.Standard\R5T.Stockholm.Tiros.Standard.csproj", "{A9AD8C42-A652-4720-93EB-06BD9DE61010}"
EndProject
Project("{9A19103F-16F7-4668-BE54-9A1E7A4F7556}") = "R5T.Stockholm.Tiros.Standard.Testing", "R5T.Stockholm.Tiros.Standard.Testing\R5T.Stockholm.Tiros.Standard.Testing.csproj", "{629C0670-C3B4-4B63-9C28-1E63650D9C6B}"
EndProject
Project("{2150E333-8FDC-42A3-9474-1A3956D46DE8}") = "_Dependencies", "_Dependencies", "{28F1AE23-6616-4ECF-8A36-2E716AFDFF04}"
EndProject
Project("{9A19103F-16F7-4668-BE54-9A1E7A4F7556}") = "R5T.Stockholm.Tiros", "..\..\R5T.Stockholm.Tiros\source\R5T.Stockholm.Tiros\R5T.Stockholm.Tiros.csproj", "{80AAEEBA-BF94-4383-8B73-4AF8DBC46576}"
EndProject
Project("{9A19103F-16F7-4668-BE54-9A1E7A4F7556}") = "R5T.Dacia", "..\..\R5T.Dacia\source\R5T.Dacia\R5T.Dacia.csproj", "{935EDE35-B7B1-4A90-98B6-976FC0E18382}"
EndProject
Project("{9A19103F-16F7-4668-BE54-9A1E7A4F7556}") = "R5T.Magyar", "..\..\R5T.Magyar\source\R5T.Magyar\R5T.Magyar.csproj", "{0E8AB763-1521-4E6F-9A6A-0C6288DBDB85}"
EndProject
Project("{9A19103F-16F7-4668-BE54-9A1E7A4F7556}") = "R5T.Stockholm.Base", "..\..\R5T.Stockholm.Base\source\R5T.Stockholm.Base\R5T.Stockholm.Base.csproj", "{10352067-0964-45B1-9BFB-E4BC737EF8FE}"
EndProject
Project("{9A19103F-16F7-4668-BE54-9A1E7A4F7556}") = "R5T.Tiros.Base", "..\..\R5T.Tiros.Base\source\R5T.Tiros.Base\R5T.Tiros.Base.csproj", "{B6D077FD-E46B-48B7-BC25-9BEF2D3900DA}"
EndProject
Global
	GlobalSection(SolutionConfigurationPlatforms) = preSolution
		Debug|Any CPU = Debug|Any CPU
		Debug|x64 = Debug|x64
		Debug|x86 = Debug|x86
		Release|Any CPU = Release|Any CPU
		Release|x64 = Release|x64
		Release|x86 = Release|x86
	EndGlobalSection
	GlobalSection(ProjectConfigurationPlatforms) = postSolution
		{21BF36E9-55A0-4D75-891E-2DFBA82C8A94}.Debug|Any CPU.ActiveCfg = Debug|Any CPU
		{21BF36E9-55A0-4D75-891E-2DFBA82C8A94}.Debug|Any CPU.Build.0 = Debug|Any CPU
		{21BF36E9-55A0-4D75-891E-2DFBA82C8A94}.Debug|x64.ActiveCfg = Debug|Any CPU
		{21BF36E9-55A0-4D75-891E-2DFBA82C8A94}.Debug|x64.Build.0 = Debug|Any CPU
		{21BF36E9-55A0-4D75-891E-2DFBA82C8A94}.Debug|x86.ActiveCfg = Debug|Any CPU
		{21BF36E9-55A0-4D75-891E-2DFBA82C8A94}.Debug|x86.Build.0 = Debug|Any CPU
		{21BF36E9-55A0-4D75-891E-2DFBA82C8A94}.Release|Any CPU.ActiveCfg = Release|Any CPU
		{21BF36E9-55A0-4D75-891E-2DFBA82C8A94}.Release|Any CPU.Build.0 = Release|Any CPU
		{21BF36E9-55A0-4D75-891E-2DFBA82C8A94}.Release|x64.ActiveCfg = Release|Any CPU
		{21BF36E9-55A0-4D75-891E-2DFBA82C8A94}.Release|x64.Build.0 = Release|Any CPU
		{21BF36E9-55A0-4D75-891E-2DFBA82C8A94}.Release|x86.ActiveCfg = Release|Any CPU
		{21BF36E9-55A0-4D75-891E-2DFBA82C8A94}.Release|x86.Build.0 = Release|Any CPU
		{A9AD8C42-A652-4720-93EB-06BD9DE61010}.Debug|Any CPU.ActiveCfg = Debug|Any CPU
		{A9AD8C42-A652-4720-93EB-06BD9DE61010}.Debug|Any CPU.Build.0 = Debug|Any CPU
		{A9AD8C42-A652-4720-93EB-06BD9DE61010}.Debug|x64.ActiveCfg = Debug|Any CPU
		{A9AD8C42-A652-4720-93EB-06BD9DE61010}.Debug|x64.Build.0 = Debug|Any CPU
		{A9AD8C42-A652-4720-93EB-06BD9DE61010}.Debug|x86.ActiveCfg = Debug|Any CPU
		{A9AD8C42-A652-4720-93EB-06BD9DE61010}.Debug|x86.Build.0 = Debug|Any CPU
		{A9AD8C42-A652-4720-93EB-06BD9DE61010}.Release|Any CPU.ActiveCfg = Release|Any CPU
		{A9AD8C42-A652-4720-93EB-06BD9DE61010}.Release|Any CPU.Build.0 = Release|Any CPU
		{A9AD8C42-A652-4720-93EB-06BD9DE61010}.Release|x64.ActiveCfg = Release|Any CPU
		{A9AD8C42-A652-4720-93EB-06BD9DE61010}.Release|x64.Build.0 = Release|Any CPU
		{A9AD8C42-A652-4720-93EB-06BD9DE61010}.Release|x86.ActiveCfg = Release|Any CPU
		{A9AD8C42-A652-4720-93EB-06BD9DE61010}.Release|x86.Build.0 = Release|Any CPU
		{629C0670-C3B4-4B63-9C28-1E63650D9C6B}.Debug|Any CPU.ActiveCfg = Debug|Any CPU
		{629C0670-C3B4-4B63-9C28-1E63650D9C6B}.Debug|Any CPU.Build.0 = Debug|Any CPU
		{629C0670-C3B4-4B63-9C28-1E63650D9C6B}.Debug|x64.ActiveCfg = Debug|Any CPU
		{629C0670-C3B4-4B63-9C28-1E63650D9C6B}.Debug|x64.Build.0 = Debug|Any CPU
		{629C0670-C3B4-4B63-9C28-1E63650D9C6B}.Debug|x86.ActiveCfg = Debug|Any CPU
		{629C0670-C3B4-4B63-9C28-1E63650D9C6B}.Debug|x86.Build.0 = Debug|Any CPU
		{629C0670-C3B4-4B63-9C28-1E63650D9C6B}.Release|Any CPU.ActiveCfg = Release|Any CPU
		{629C0670-C3B4-4B63-9C28-1E63650D9C6B}.Release|Any CPU.Build.0 = Release|Any CPU
		{629C0670-C3B4-4B63-9C28-1E63650D9C6B}.Release|x64.ActiveCfg = Release|Any CPU
		{629C0670-C3B4-4B63-9C28-1E63650D9C6B}.Release|x64.Build.0 = Release|Any CPU
		{629C0670-C3B4-4B63-9C28-1E63650D9C6B}.Release|x86.ActiveCfg = Release|Any CPU
		{629C0670-C3B4-4B63-9C28-1E63650D9C6B}.Release|x86.Build.0 = Release|Any CPU
		{80AAEEBA-BF94-4383-8B73-4AF8DBC46576}.Debug|Any CPU.ActiveCfg = Debug|Any CPU
		{80AAEEBA-BF94-4383-8B73-4AF8DBC46576}.Debug|Any CPU.Build.0 = Debug|Any CPU
		{80AAEEBA-BF94-4383-8B73-4AF8DBC46576}.Debug|x64.ActiveCfg = Debug|Any CPU
		{80AAEEBA-BF94-4383-8B73-4AF8DBC46576}.Debug|x64.Build.0 = Debug|Any CPU
		{80AAEEBA-BF94-4383-8B73-4AF8DBC46576}.Debug|x86.ActiveCfg = Debug|Any CPU
		{80AAEEBA-BF94-4383-8B73-4AF8DBC46576}.Debug|x86.Build.0 = Debug|Any CPU
		{80AAEEBA-BF94-4383-8B73-4AF8DBC46576}.Release|Any CPU.ActiveCfg = Release|Any CPU
		{80AAEEBA-BF94-4383-8B73-4AF8DBC46576}.Release|Any CPU.Build.0 = Release|Any CPU
		{80AAEEBA-BF94-4383-8B73-4AF8DBC46576}.Release|x64.ActiveCfg = Release|Any CPU
		{80AAEEBA-BF94-4383-8B73-4AF8DBC46576}.Release|x64.Build.0 = Release|Any CPU
		{80AAEEBA-BF94-4383-8B73-4AF8DBC46576}.Release|x86.ActiveCfg = Release|Any CPU
		{80AAEEBA-BF94-4383-8B73-4AF8DBC46576}.Release|x86.Build.0 = Release|Any CPU
		{935EDE35-B7B1-4A90-98B6-976FC0E18382}.Debug|Any CPU.ActiveCfg = Debug|Any CPU
		{935EDE35-B7B1-4A90-98B6-976FC0E18382}.Debug|Any CPU.Build.0 = Debug|Any CPU
		{935EDE35-B7B1-4A90-98B6-976FC0E18382}.Debug|x64.ActiveCfg = Debug|Any CPU
		{935EDE35-B7B1-4A90-98B6-976FC0E18382}.Debug|x64.Build.0 = Debug|Any CPU
		{935EDE35-B7B1-4A90-98B6-976FC0E18382}.Debug|x86.ActiveCfg = Debug|Any CPU
		{935EDE35-B7B1-4A90-98B6-976FC0E18382}.Debug|x86.Build.0 = Debug|Any CPU
		{935EDE35-B7B1-4A90-98B6-976FC0E18382}.Release|Any CPU.ActiveCfg = Release|Any CPU
		{935EDE35-B7B1-4A90-98B6-976FC0E18382}.Release|Any CPU.Build.0 = Release|Any CPU
		{935EDE35-B7B1-4A90-98B6-976FC0E18382}.Release|x64.ActiveCfg = Release|Any CPU
		{935EDE35-B7B1-4A90-98B6-976FC0E18382}.Release|x64.Build.0 = Release|Any CPU
		{935EDE35-B7B1-4A90-98B6-976FC0E18382}.Release|x86.ActiveCfg = Release|Any CPU
		{935EDE35-B7B1-4A90-98B6-976FC0E18382}.Release|x86.Build.0 = Release|Any CPU
		{0E8AB763-1521-4E6F-9A6A-0C6288DBDB85}.Debug|Any CPU.ActiveCfg = Debug|Any CPU
		{0E8AB763-1521-4E6F-9A6A-0C6288DBDB85}.Debug|Any CPU.Build.0 = Debug|Any CPU
		{0E8AB763-1521-4E6F-9A6A-0C6288DBDB85}.Debug|x64.ActiveCfg = Debug|Any CPU
		{0E8AB763-1521-4E6F-9A6A-0C6288DBDB85}.Debug|x64.Build.0 = Debug|Any CPU
		{0E8AB763-1521-4E6F-9A6A-0C6288DBDB85}.Debug|x86.ActiveCfg = Debug|Any CPU
		{0E8AB763-1521-4E6F-9A6A-0C6288DBDB85}.Debug|x86.Build.0 = Debug|Any CPU
		{0E8AB763-1521-4E6F-9A6A-0C6288DBDB85}.Release|Any CPU.ActiveCfg = Release|Any CPU
		{0E8AB763-1521-4E6F-9A6A-0C6288DBDB85}.Release|Any CPU.Build.0 = Release|Any CPU
		{0E8AB763-1521-4E6F-9A6A-0C6288DBDB85}.Release|x64.ActiveCfg = Release|Any CPU
		{0E8AB763-1521-4E6F-9A6A-0C6288DBDB85}.Release|x64.Build.0 = Release|Any CPU
		{0E8AB763-1521-4E6F-9A6A-0C6288DBDB85}.Release|x86.ActiveCfg = Release|Any CPU
		{0E8AB763-1521-4E6F-9A6A-0C6288DBDB85}.Release|x86.Build.0 = Release|Any CPU
		{10352067-0964-45B1-9BFB-E4BC737EF8FE}.Debug|Any CPU.ActiveCfg = Debug|Any CPU
		{10352067-0964-45B1-9BFB-E4BC737EF8FE}.Debug|Any CPU.Build.0 = Debug|Any CPU
		{10352067-0964-45B1-9BFB-E4BC737EF8FE}.Debug|x64.ActiveCfg = Debug|Any CPU
		{10352067-0964-45B1-9BFB-E4BC737EF8FE}.Debug|x64.Build.0 = Debug|Any CPU
		{10352067-0964-45B1-9BFB-E4BC737EF8FE}.Debug|x86.ActiveCfg = Debug|Any CPU
		{10352067-0964-45B1-9BFB-E4BC737EF8FE}.Debug|x86.Build.0 = Debug|Any CPU
		{10352067-0964-45B1-9BFB-E4BC737EF8FE}.Release|Any CPU.ActiveCfg = Release|Any CPU
		{10352067-0964-45B1-9BFB-E4BC737EF8FE}.Release|Any CPU.Build.0 = Release|Any CPU
		{10352067-0964-45B1-9BFB-E4BC737EF8FE}.Release|x64.ActiveCfg = Release|Any CPU
		{10352067-0964-45B1-9BFB-E4BC737EF8FE}.Release|x64.Build.0 = Release|Any CPU
		{10352067-0964-45B1-9BFB-E4BC737EF8FE}.Release|x86.ActiveCfg = Release|Any CPU
		{10352067-0964-45B1-9BFB-E4BC737EF8FE}.Release|x86.Build.0 = Release|Any CPU
		{B6D077FD-E46B-48B7-BC25-9BEF2D3900DA}.Debug|Any CPU.ActiveCfg = Debug|Any CPU
		{B6D077FD-E46B-48B7-BC25-9BEF2D3900DA}.Debug|Any CPU.Build.0 = Debug|Any CPU
		{B6D077FD-E46B-48B7-BC25-9BEF2D3900DA}.Debug|x64.ActiveCfg = Debug|Any CPU
		{B6D077FD-E46B-48B7-BC25-9BEF2D3900DA}.Debug|x64.Build.0 = Debug|Any CPU
		{B6D077FD-E46B-48B7-BC25-9BEF2D3900DA}.Debug|x86.ActiveCfg = Debug|Any CPU
		{B6D077FD-E46B-48B7-BC25-9BEF2D3900DA}.Debug|x86.Build.0 = Debug|Any CPU
		{B6D077FD-E46B-48B7-BC25-9BEF2D3900DA}.Release|Any CPU.ActiveCfg = Release|Any CPU
		{B6D077FD-E46B-48B7-BC25-9BEF2D3900DA}.Release|Any CPU.Build.0 = Release|Any CPU
		{B6D077FD-E46B-48B7-BC25-9BEF2D3900DA}.Release|x64.ActiveCfg = Release|Any CPU
		{B6D077FD-E46B-48B7-BC25-9BEF2D3900DA}.Release|x64.Build.0 = Release|Any CPU
		{B6D077FD-E46B-48B7-BC25-9BEF2D3900DA}.Release|x86.ActiveCfg = Release|Any CPU
		{B6D077FD-E46B-48B7-BC25-9BEF2D3900DA}.Release|x86.Build.0 = Release|Any CPU
	EndGlobalSection
	GlobalSection(SolutionProperties) = preSolution
		HideSolutionNode = FALSE
	EndGlobalSection
	GlobalSection(NestedProjects) = preSolution
		{80AAEEBA-BF94-4383-8B73-4AF8DBC46576} = {28F1AE23-6616-4ECF-8A36-2E716AFDFF04}
		{935EDE35-B7B1-4A90-98B6-976FC0E18382} = {28F1AE23-6616-4ECF-8A36-2E716AFDFF04}
		{0E8AB763-1521-4E6F-9A6A-0C6288DBDB85} = {28F1AE23-6616-4ECF-8A36-2E716AFDFF04}
		{10352067-0964-45B1-9BFB-E4BC737EF8FE} = {28F1AE23-6616-4ECF-8A36-2E716AFDFF04}
		{B6D077FD-E46B-48B7-BC25-9BEF2D3900DA} = {28F1AE23-6616-4ECF-8A36-2E716AFDFF04}
	EndGlobalSection
	GlobalSection(ExtensibilityGlobals) = postSolution
		SolutionGuid = {CBEA8417-8C58-4524-BD0F-A3107720034B}
	EndGlobalSection
EndGlobal
